
Microsoft Visual Studio Solution File, Format Version 12.00
# Visual Studio Version 17
VisualStudioVersion = 17.11.35327.3
MinimumVisualStudioVersion = 10.0.40219.1
Project("{2150E333-8FDC-42A3-9474-1A3956D46DE8}") = "Doc", "Doc", "{1DD60509-DBFE-4A9B-8A62-F577D4652E27}"
EndProject
Project("{2150E333-8FDC-42A3-9474-1A3956D46DE8}") = "Src", "Src", "{902E6C42-F542-4C35-90FD-77DC9EB00BFB}"
EndProject
Project("{2150E333-8FDC-42A3-9474-1A3956D46DE8}") = "Test", "Test", "{7D88245A-CEDA-458B-B242-447455C1C532}"
EndProject
Project("{2150E333-8FDC-42A3-9474-1A3956D46DE8}") = "Core", "Core", "{7C5A7F2B-4E01-449E-957B-453E24003F02}"
EndProject
Project("{2150E333-8FDC-42A3-9474-1A3956D46DE8}") = "Common", "Common", "{9CC663D4-5DE9-4DBA-A28A-BD279FD7F1AF}"
EndProject
Project("{2150E333-8FDC-42A3-9474-1A3956D46DE8}") = "Infrastructure", "Infrastructure", "{F23DA5BC-60A8-4CFE-B564-9981ACB7321C}"
EndProject
Project("{2150E333-8FDC-42A3-9474-1A3956D46DE8}") = "Presentation", "Presentation", "{3F9057E4-5561-40CE-BAAD-20DF2CB73B48}"
EndProject
Project("{FAE04EC0-301F-11D3-BF4B-00C04F79EFBC}") = "Online_Store.Domain", "Online_Store.Domain\Online_Store.Domain.csproj", "{27346053-F10A-42F2-872A-4C5CD2658F1B}"
EndProject
Project("{FAE04EC0-301F-11D3-BF4B-00C04F79EFBC}") = "Online_Store.Application", "Online_Store.Application\Online_Store.Application.csproj", "{4D417028-59C7-4C63-84F2-9B65E5F26DAD}"
EndProject
Project("{FAE04EC0-301F-11D3-BF4B-00C04F79EFBC}") = "Online_Store.Infrastructure", "Online_Store.Infrastructure\Online_Store.Infrastructure.csproj", "{1DB6AEEB-6B4F-4A45-8464-2A13F74FC0BF}"
EndProject
Project("{FAE04EC0-301F-11D3-BF4B-00C04F79EFBC}") = "Online_Store.Persistence", "Online_Store.Persistence\Online_Store.Persistence.csproj", "{A77280C6-65CA-4AC9-A990-6F2CFCC71210}"
EndProject
Project("{FAE04EC0-301F-11D3-BF4B-00C04F79EFBC}") = "Online_Store.Common", "Online_Store.Common\Online_Store.Common.csproj", "{F5B08189-9E95-4120-9802-5BE28124019C}"
EndProject
Project("{FAE04EC0-301F-11D3-BF4B-00C04F79EFBC}") = "EndPoint.Site", "EndPoint.Site\EndPoint.Site.csproj", "{E7A02FB1-24DB-4401-B825-39F17257AE71}"
EndProject
Global
	GlobalSection(SolutionConfigurationPlatforms) = preSolution
		Debug|Any CPU = Debug|Any CPU
		Release|Any CPU = Release|Any CPU
	EndGlobalSection
	GlobalSection(ProjectConfigurationPlatforms) = postSolution
		{27346053-F10A-42F2-872A-4C5CD2658F1B}.Debug|Any CPU.ActiveCfg = Debug|Any CPU
		{27346053-F10A-42F2-872A-4C5CD2658F1B}.Debug|Any CPU.Build.0 = Debug|Any CPU
		{27346053-F10A-42F2-872A-4C5CD2658F1B}.Release|Any CPU.ActiveCfg = Release|Any CPU
		{27346053-F10A-42F2-872A-4C5CD2658F1B}.Release|Any CPU.Build.0 = Release|Any CPU
		{4D417028-59C7-4C63-84F2-9B65E5F26DAD}.Debug|Any CPU.ActiveCfg = Debug|Any CPU
		{4D417028-59C7-4C63-84F2-9B65E5F26DAD}.Debug|Any CPU.Build.0 = Debug|Any CPU
		{4D417028-59C7-4C63-84F2-9B65E5F26DAD}.Release|Any CPU.ActiveCfg = Release|Any CPU
		{4D417028-59C7-4C63-84F2-9B65E5F26DAD}.Release|Any CPU.Build.0 = Release|Any CPU
		{1DB6AEEB-6B4F-4A45-8464-2A13F74FC0BF}.Debug|Any CPU.ActiveCfg = Debug|Any CPU
		{1DB6AEEB-6B4F-4A45-8464-2A13F74FC0BF}.Debug|Any CPU.Build.0 = Debug|Any CPU
		{1DB6AEEB-6B4F-4A45-8464-2A13F74FC0BF}.Release|Any CPU.ActiveCfg = Release|Any CPU
		{1DB6AEEB-6B4F-4A45-8464-2A13F74FC0BF}.Release|Any CPU.Build.0 = Release|Any CPU
		{A77280C6-65CA-4AC9-A990-6F2CFCC71210}.Debug|Any CPU.ActiveCfg = Debug|Any CPU
		{A77280C6-65CA-4AC9-A990-6F2CFCC71210}.Debug|Any CPU.Build.0 = Debug|Any CPU
		{A77280C6-65CA-4AC9-A990-6F2CFCC71210}.Release|Any CPU.ActiveCfg = Release|Any CPU
		{A77280C6-65CA-4AC9-A990-6F2CFCC71210}.Release|Any CPU.Build.0 = Release|Any CPU
		{F5B08189-9E95-4120-9802-5BE28124019C}.Debug|Any CPU.ActiveCfg = Debug|Any CPU
		{F5B08189-9E95-4120-9802-5BE28124019C}.Debug|Any CPU.Build.0 = Debug|Any CPU
		{F5B08189-9E95-4120-9802-5BE28124019C}.Release|Any CPU.ActiveCfg = Release|Any CPU
		{F5B08189-9E95-4120-9802-5BE28124019C}.Release|Any CPU.Build.0 = Release|Any CPU
		{E7A02FB1-24DB-4401-B825-39F17257AE71}.Debug|Any CPU.ActiveCfg = Debug|Any CPU
		{E7A02FB1-24DB-4401-B825-39F17257AE71}.Debug|Any CPU.Build.0 = Debug|Any CPU
		{E7A02FB1-24DB-4401-B825-39F17257AE71}.Release|Any CPU.ActiveCfg = Release|Any CPU
		{E7A02FB1-24DB-4401-B825-39F17257AE71}.Release|Any CPU.Build.0 = Release|Any CPU
	EndGlobalSection
	GlobalSection(SolutionProperties) = preSolution
		HideSolutionNode = FALSE
	EndGlobalSection
	GlobalSection(NestedProjects) = preSolution
		{7C5A7F2B-4E01-449E-957B-453E24003F02} = {902E6C42-F542-4C35-90FD-77DC9EB00BFB}
		{9CC663D4-5DE9-4DBA-A28A-BD279FD7F1AF} = {902E6C42-F542-4C35-90FD-77DC9EB00BFB}
		{F23DA5BC-60A8-4CFE-B564-9981ACB7321C} = {902E6C42-F542-4C35-90FD-77DC9EB00BFB}
		{3F9057E4-5561-40CE-BAAD-20DF2CB73B48} = {902E6C42-F542-4C35-90FD-77DC9EB00BFB}
		{27346053-F10A-42F2-872A-4C5CD2658F1B} = {7C5A7F2B-4E01-449E-957B-453E24003F02}
		{4D417028-59C7-4C63-84F2-9B65E5F26DAD} = {7C5A7F2B-4E01-449E-957B-453E24003F02}
		{1DB6AEEB-6B4F-4A45-8464-2A13F74FC0BF} = {F23DA5BC-60A8-4CFE-B564-9981ACB7321C}
		{A77280C6-65CA-4AC9-A990-6F2CFCC71210} = {F23DA5BC-60A8-4CFE-B564-9981ACB7321C}
		{F5B08189-9E95-4120-9802-5BE28124019C} = {9CC663D4-5DE9-4DBA-A28A-BD279FD7F1AF}
		{E7A02FB1-24DB-4401-B825-39F17257AE71} = {3F9057E4-5561-40CE-BAAD-20DF2CB73B48}
	EndGlobalSection
	GlobalSection(ExtensibilityGlobals) = postSolution
		SolutionGuid = {2994295D-AF42-4201-BE6C-841F7038FF0C}
	EndGlobalSection
EndGlobal
